// !$*UTF8*$!
{
	archiveVersion = 1;
	classes = {
	};
	objectVersion = 77;
	objects = {

/* Begin PBXBuildFile section */
		F1EEC8D42D394E3B00D70F00 /* AppDelegate.swift in Sources */ = {isa = PBXBuildFile; fileRef = F1EEC8C82D394E3B00D70F00 /* AppDelegate.swift */; };
		F1EEC8D52D394E3B00D70F00 /* ListApp.xcdatamodeld in Sources */ = {isa = PBXBuildFile; fileRef = F1EEC8CD2D394E3B00D70F00 /* ListApp.xcdatamodeld */; };
		F1EEC8D62D394E3B00D70F00 /* SceneDelegate.swift in Sources */ = {isa = PBXBuildFile; fileRef = F1EEC8D02D394E3B00D70F00 /* SceneDelegate.swift */; };
		F1EEC8D72D394E3B00D70F00 /* ViewController.swift in Sources */ = {isa = PBXBuildFile; fileRef = F1EEC8D12D394E3B00D70F00 /* ViewController.swift */; };
		F1EEC8D82D394E3B00D70F00 /* Assets.xcassets in Resources */ = {isa = PBXBuildFile; fileRef = F1EEC8C92D394E3B00D70F00 /* Assets.xcassets */; };
		F1EEC8DA2D394E3B00D70F00 /* LaunchScreen.storyboard in Resources */ = {isa = PBXBuildFile; fileRef = F1EEC8CC2D394E3B00D70F00 /* LaunchScreen.storyboard */; };
		F1EEC8DB2D394E3B00D70F00 /* Main.storyboard in Resources */ = {isa = PBXBuildFile; fileRef = F1EEC8CF2D394E3B00D70F00 /* Main.storyboard */; };
/* End PBXBuildFile section */

/* Begin PBXFileReference section */
		F1EEC8AD2D394DC200D70F00 /* ListApp.app */ = {isa = PBXFileReference; explicitFileType = wrapper.application; includeInIndex = 0; path = ListApp.app; sourceTree = BUILT_PRODUCTS_DIR; };
		F1EEC8C82D394E3B00D70F00 /* AppDelegate.swift */ = {isa = PBXFileReference; lastKnownFileType = sourcecode.swift; path = AppDelegate.swift; sourceTree = "<group>"; };
		F1EEC8C92D394E3B00D70F00 /* Assets.xcassets */ = {isa = PBXFileReference; lastKnownFileType = folder.assetcatalog; path = Assets.xcassets; sourceTree = "<group>"; };
		F1EEC8CA2D394E3B00D70F00 /* Info.plist */ = {isa = PBXFileReference; lastKnownFileType = text.plist.xml; path = Info.plist; sourceTree = "<group>"; };
		F1EEC8CB2D394E3B00D70F00 /* Base */ = {isa = PBXFileReference; lastKnownFileType = file.storyboard; name = Base; path = Base.lproj/LaunchScreen.storyboard; sourceTree = "<group>"; };
		F1EEC8CE2D394E3B00D70F00 /* Base */ = {isa = PBXFileReference; lastKnownFileType = file.storyboard; name = Base; path = Base.lproj/Main.storyboard; sourceTree = "<group>"; };
		F1EEC8D02D394E3B00D70F00 /* SceneDelegate.swift */ = {isa = PBXFileReference; lastKnownFileType = sourcecode.swift; path = SceneDelegate.swift; sourceTree = "<group>"; };
		F1EEC8D12D394E3B00D70F00 /* ViewController.swift */ = {isa = PBXFileReference; lastKnownFileType = sourcecode.swift; path = ViewController.swift; sourceTree = "<group>"; };
		F1EEC8D32D394E3B00D70F00 /* ListApp.xcdatamodel */ = {isa = PBXFileReference; lastKnownFileType = wrapper.xcdatamodel; path = ListApp.xcdatamodel; sourceTree = "<group>"; };
/* End PBXFileReference section */

/* Begin PBXFrameworksBuildPhase section */
		F1EEC8AA2D394DC200D70F00 /* Frameworks */ = {
			isa = PBXFrameworksBuildPhase;
			buildActionMask = 2147483647;
			files = (
			);
			runOnlyForDeploymentPostprocessing = 0;
		};
/* End PBXFrameworksBuildPhase section */

/* Begin PBXGroup section */
		F1EEC8A42D394DC200D70F00 = {
			isa = PBXGroup;
			children = (
				F1EEC8D22D394E3B00D70F00 /* ListApp */,
				F1EEC8AE2D394DC200D70F00 /* Products */,
			);
			sourceTree = "<group>";
		};
		F1EEC8AE2D394DC200D70F00 /* Products */ = {
			isa = PBXGroup;
			children = (
				F1EEC8AD2D394DC200D70F00 /* ListApp.app */,
			);
			name = Products;
			sourceTree = "<group>";
		};
		F1EEC8D22D394E3B00D70F00 /* ListApp */ = {
			isa = PBXGroup;
			children = (
				F1EEC8DE2D394E6500D70F00 /* Controllers */,
				F1EEC8DD2D394E5900D70F00 /* Views */,
				F1EEC8DC2D394E3E00D70F00 /* Supporting Files */,
			);
			path = ListApp;
			sourceTree = "<group>";
		};
		F1EEC8DC2D394E3E00D70F00 /* Supporting Files */ = {
			isa = PBXGroup;
			children = (
				F1EEC8D02D394E3B00D70F00 /* SceneDelegate.swift */,
				F1EEC8C82D394E3B00D70F00 /* AppDelegate.swift */,
				F1EEC8C92D394E3B00D70F00 /* Assets.xcassets */,
				F1EEC8CA2D394E3B00D70F00 /* Info.plist */,
				F1EEC8CC2D394E3B00D70F00 /* LaunchScreen.storyboard */,
				F1EEC8CD2D394E3B00D70F00 /* ListApp.xcdatamodeld */,
			);
			path = "Supporting Files";
			sourceTree = "<group>";
		};
		F1EEC8DD2D394E5900D70F00 /* Views */ = {
			isa = PBXGroup;
			children = (
				F1EEC8CF2D394E3B00D70F00 /* Main.storyboard */,
			);
			path = Views;
			sourceTree = "<group>";
		};
		F1EEC8DE2D394E6500D70F00 /* Controllers */ = {
			isa = PBXGroup;
			children = (
				F1EEC8D12D394E3B00D70F00 /* ViewController.swift */,
			);
			path = Controllers;
			sourceTree = "<group>";
		};
/* End PBXGroup section */

/* Begin PBXNativeTarget section */
		F1EEC8AC2D394DC200D70F00 /* ListApp */ = {
			isa = PBXNativeTarget;
			buildConfigurationList = F1EEC8C32D394DC300D70F00 /* Build configuration list for PBXNativeTarget "ListApp" */;
			buildPhases = (
				F1EEC8A92D394DC200D70F00 /* Sources */,
				F1EEC8AA2D394DC200D70F00 /* Frameworks */,
				F1EEC8AB2D394DC200D70F00 /* Resources */,
			);
			buildRules = (
			);
			dependencies = (
			);
			name = ListApp;
			packageProductDependencies = (
			);
			productName = ListApp;
			productReference = F1EEC8AD2D394DC200D70F00 /* ListApp.app */;
			productType = "com.apple.product-type.application";
		};
/* End PBXNativeTarget section */

/* Begin PBXProject section */
		F1EEC8A52D394DC200D70F00 /* Project object */ = {
			isa = PBXProject;
			attributes = {
				BuildIndependentTargetsInParallel = 1;
				LastSwiftUpdateCheck = 1620;
				LastUpgradeCheck = 1620;
				TargetAttributes = {
					F1EEC8AC2D394DC200D70F00 = {
						CreatedOnToolsVersion = 16.2;
					};
				};
			};
			buildConfigurationList = F1EEC8A82D394DC200D70F00 /* Build configuration list for PBXProject "ListApp" */;
			developmentRegion = en;
			hasScannedForEncodings = 0;
			knownRegions = (
				en,
				Base,
			);
			mainGroup = F1EEC8A42D394DC200D70F00;
			minimizedProjectReferenceProxies = 1;
			preferredProjectObjectVersion = 77;
			productRefGroup = F1EEC8AE2D394DC200D70F00 /* Products */;
			projectDirPath = "";
			projectRoot = "";
			targets = (
				F1EEC8AC2D394DC200D70F00 /* ListApp */,
			);
		};
/* End PBXProject section */

/* Begin PBXResourcesBuildPhase section */
		F1EEC8AB2D394DC200D70F00 /* Resources */ = {
			isa = PBXResourcesBuildPhase;
			buildActionMask = 2147483647;
			files = (
				F1EEC8D82D394E3B00D70F00 /* Assets.xcassets in Resources */,
				F1EEC8DA2D394E3B00D70F00 /* LaunchScreen.storyboard in Resources */,
				F1EEC8DB2D394E3B00D70F00 /* Main.storyboard in Resources */,
			);
			runOnlyForDeploymentPostprocessing = 0;
		};
/* End PBXResourcesBuildPhase section */

/* Begin PBXSourcesBuildPhase section */
		F1EEC8A92D394DC200D70F00 /* Sources */ = {
			isa = PBXSourcesBuildPhase;
			buildActionMask = 2147483647;
			files = (
				F1EEC8D42D394E3B00D70F00 /* AppDelegate.swift in Sources */,
				F1EEC8D52D394E3B00D70F00 /* ListApp.xcdatamodeld in Sources */,
				F1EEC8D62D394E3B00D70F00 /* SceneDelegate.swift in Sources */,
				F1EEC8D72D394E3B00D70F00 /* ViewController.swift in Sources */,
			);
			runOnlyForDeploymentPostprocessing = 0;
		};
/* End PBXSourcesBuildPhase section */

/* Begin PBXVariantGroup section */
		F1EEC8CC2D394E3B00D70F00 /* LaunchScreen.storyboard */ = {
			isa = PBXVariantGroup;
			children = (
				F1EEC8CB2D394E3B00D70F00 /* Base */,
			);
			name = LaunchScreen.storyboard;
			sourceTree = "<group>";
		};
		F1EEC8CF2D394E3B00D70F00 /* Main.storyboard */ = {
			isa = PBXVariantGroup;
			children = (
				F1EEC8CE2D394E3B00D70F00 /* Base */,
			);
			name = Main.storyboard;
			sourceTree = "<group>";
		};
/* End PBXVariantGroup section */

/* Begin XCBuildConfiguration section */
		F1EEC8C42D394DC300D70F00 /* Debug */ = {
			isa = XCBuildConfiguration;
			buildSettings = {
				ASSETCATALOG_COMPILER_APPICON_NAME = AppIcon;
				ASSETCATALOG_COMPILER_GLOBAL_ACCENT_COLOR_NAME = AccentColor;
				CODE_SIGN_STYLE = Automatic;
				CURRENT_PROJECT_VERSION = 1;
				GENERATE_INFOPLIST_FILE = YES;
				INFOPLIST_FILE = "ListApp/Supporting Files/Info.plist";
				INFOPLIST_KEY_UIApplicationSupportsIndirectInputEvents = YES;
				INFOPLIST_KEY_UILaunchStoryboardName = LaunchScreen;
				INFOPLIST_KEY_UIMainStoryboardFile = Main;
				INFOPLIST_KEY_UISupportedInterfaceOrientations_iPad = "UIInterfaceOrientationPortrait UIInterfaceOrientationPortraitUpsideDown UIInterfaceOrientationLandscapeLeft UIInterfaceOrientationLandscapeRight";
				INFOPLIST_KEY_UISupportedInterfaceOrientations_iPhone = "UIInterfaceOrientationPortrait UIInterfaceOrientationLandscapeLeft UIInterfaceOrientationLandscapeRight";
				LD_RUNPATH_SEARCH_PATHS = (
					"$(inherited)",
					"@executable_path/Frameworks",
				);
				MARKETING_VERSION = 1.0;
				PRODUCT_BUNDLE_IDENTIFIER = com.esrahaytaoglu.ListApp;
				PRODUCT_NAME = "$(TARGET_NAME)";
				SWIFT_EMIT_LOC_STRINGS = YES;
				SWIFT_VERSION = 5.0;
				TARGETED_DEVICE_FAMILY = "1,2";
			};
			name = Debug;
		};
		F1EEC8C52D394DC300D70F00 /* Release */ = {
			isa = XCBuildConfiguration;
			buildSettings = {
				ASSETCATALOG_COMPILER_APPICON_NAME = AppIcon;
				ASSETCATALOG_COMPILER_GLOBAL_ACCENT_COLOR_NAME = AccentColor;
				CODE_SIGN_STYLE = Automatic;
				CURRENT_PROJECT_VERSION = 1;
				GENERATE_INFOPLIST_FILE = YES;
				INFOPLIST_FILE = "ListApp/Supporting Files/Info.plist";
				INFOPLIST_KEY_UIApplicationSupportsIndirectInputEvents = YES;
				INFOPLIST_KEY_UILaunchStoryboardName = LaunchScreen;
				INFOPLIST_KEY_UIMainStoryboardFile = Main;
				INFOPLIST_KEY_UISupportedInterfaceOrientations_iPad = "UIInterfaceOrientationPortrait UIInterfaceOrientationPortraitUpsideDown UIInterfaceOrientationLandscapeLeft UIInterfaceOrientationLandscapeRight";
				INFOPLIST_KEY_UISupportedInterfaceOrientations_iPhone = "UIInterfaceOrientationPortrait UIInterfaceOrientationLandscapeLeft UIInterfaceOrientationLandscapeRight";
				LD_RUNPATH_SEARCH_PATHS = (
					"$(inherited)",
					"@executable_path/Frameworks",
				);
				MARKETING_VERSION = 1.0;
				PRODUCT_BUNDLE_IDENTIFIER = com.esrahaytaoglu.ListApp;
				PRODUCT_NAME = "$(TARGET_NAME)";
				SWIFT_EMIT_LOC_STRINGS = YES;
				SWIFT_VERSION = 5.0;
				TARGETED_DEVICE_FAMILY = "1,2";
			};
			name = Release;
		};
		F1EEC8C62D394DC300D70F00 /* Debug */ = {
			isa = XCBuildConfiguration;
			buildSettings = {
				ALWAYS_SEARCH_USER_PATHS = NO;
				ASSETCATALOG_COMPILER_GENERATE_SWIFT_ASSET_SYMBOL_EXTENSIONS = YES;
				CLANG_ANALYZER_NONNULL = YES;
				CLANG_ANALYZER_NUMBER_OBJECT_CONVERSION = YES_AGGRESSIVE;
				CLANG_CXX_LANGUAGE_STANDARD = "gnu++20";
				CLANG_ENABLE_MODULES = YES;
				CLANG_ENABLE_OBJC_ARC = YES;
				CLANG_ENABLE_OBJC_WEAK = YES;
				CLANG_WARN_BLOCK_CAPTURE_AUTORELEASING = YES;
				CLANG_WARN_BOOL_CONVERSION = YES;
				CLANG_WARN_COMMA = YES;
				CLANG_WARN_CONSTANT_CONVERSION = YES;
				CLANG_WARN_DEPRECATED_OBJC_IMPLEMENTATIONS = YES;
				CLANG_WARN_DIRECT_OBJC_ISA_USAGE = YES_ERROR;
				CLANG_WARN_DOCUMENTATION_COMMENTS = YES;
				CLANG_WARN_EMPTY_BODY = YES;
				CLANG_WARN_ENUM_CONVERSION = YES;
				CLANG_WARN_INFINITE_RECURSION = YES;
				CLANG_WARN_INT_CONVERSION = YES;
				CLANG_WARN_NON_LITERAL_NULL_CONVERSION = YES;
				CLANG_WARN_OBJC_IMPLICIT_RETAIN_SELF = YES;
				CLANG_WARN_OBJC_LITERAL_CONVERSION = YES;
				CLANG_WARN_OBJC_ROOT_CLASS = YES_ERROR;
				CLANG_WARN_QUOTED_INCLUDE_IN_FRAMEWORK_HEADER = YES;
				CLANG_WARN_RANGE_LOOP_ANALYSIS = YES;
				CLANG_WARN_STRICT_PROTOTYPES = YES;
				CLANG_WARN_SUSPICIOUS_MOVE = YES;
				CLANG_WARN_UNGUARDED_AVAILABILITY = YES_AGGRESSIVE;
				CLANG_WARN_UNREACHABLE_CODE = YES;
				CLANG_WARN__DUPLICATE_METHOD_MATCH = YES;
				COPY_PHASE_STRIP = NO;
				DEBUG_INFORMATION_FORMAT = dwarf;
				ENABLE_STRICT_OBJC_MSGSEND = YES;
				ENABLE_TESTABILITY = YES;
				ENABLE_USER_SCRIPT_SANDBOXING = YES;
				GCC_C_LANGUAGE_STANDARD = gnu17;
				GCC_DYNAMIC_NO_PIC = NO;
				GCC_NO_COMMON_BLOCKS = YES;
				GCC_OPTIMIZATION_LEVEL = 0;
				GCC_PREPROCESSOR_DEFINITIONS = (
					"DEBUG=1",
					"$(inherited)",
				);
				GCC_WARN_64_TO_32_BIT_CONVERSION = YES;
				GCC_WARN_ABOUT_RETURN_TYPE = YES_ERROR;
				GCC_WARN_UNDECLARED_SELECTOR = YES;
				GCC_WARN_UNINITIALIZED_AUTOS = YES_AGGRESSIVE;
				GCC_WARN_UNUSED_FUNCTION = YES;
				GCC_WARN_UNUSED_VARIABLE = YES;
				IPHONEOS_DEPLOYMENT_TARGET = 18.2;
				LOCALIZATION_PREFERS_STRING_CATALOGS = YES;
				MTL_ENABLE_DEBUG_INFO = INCLUDE_SOURCE;
				MTL_FAST_MATH = YES;
				ONLY_ACTIVE_ARCH = YES;
				SDKROOT = iphoneos;
				SWIFT_ACTIVE_COMPILATION_CONDITIONS = "DEBUG $(inherited)";
				SWIFT_OPTIMIZATION_LEVEL = "-Onone";
			};
			name = Debug;
		};
		F1EEC8C72D394DC300D70F00 /* Release */ = {
			isa = XCBuildConfiguration;
			buildSettings = {
				ALWAYS_SEARCH_USER_PATHS = NO;
				ASSETCATALOG_COMPILER_GENERATE_SWIFT_ASSET_SYMBOL_EXTENSIONS = YES;
				CLANG_ANALYZER_NONNULL = YES;
				CLANG_ANALYZER_NUMBER_OBJECT_CONVERSION = YES_AGGRESSIVE;
				CLANG_CXX_LANGUAGE_STANDARD = "gnu++20";
				CLANG_ENABLE_MODULES = YES;
				CLANG_ENABLE_OBJC_ARC = YES;
				CLANG_ENABLE_OBJC_WEAK = YES;
				CLANG_WARN_BLOCK_CAPTURE_AUTORELEASING = YES;
				CLANG_WARN_BOOL_CONVERSION = YES;
				CLANG_WARN_COMMA = YES;
				CLANG_WARN_CONSTANT_CONVERSION = YES;
				CLANG_WARN_DEPRECATED_OBJC_IMPLEMENTATIONS = YES;
				CLANG_WARN_DIRECT_OBJC_ISA_USAGE = YES_ERROR;
				CLANG_WARN_DOCUMENTATION_COMMENTS = YES;
				CLANG_WARN_EMPTY_BODY = YES;
				CLANG_WARN_ENUM_CONVERSION = YES;
				CLANG_WARN_INFINITE_RECURSION = YES;
				CLANG_WARN_INT_CONVERSION = YES;
				CLANG_WARN_NON_LITERAL_NULL_CONVERSION = YES;
				CLANG_WARN_OBJC_IMPLICIT_RETAIN_SELF = YES;
				CLANG_WARN_OBJC_LITERAL_CONVERSION = YES;
				CLANG_WARN_OBJC_ROOT_CLASS = YES_ERROR;
				CLANG_WARN_QUOTED_INCLUDE_IN_FRAMEWORK_HEADER = YES;
				CLANG_WARN_RANGE_LOOP_ANALYSIS = YES;
				CLANG_WARN_STRICT_PROTOTYPES = YES;
				CLANG_WARN_SUSPICIOUS_MOVE = YES;
				CLANG_WARN_UNGUARDED_AVAILABILITY = YES_AGGRESSIVE;
				CLANG_WARN_UNREACHABLE_CODE = YES;
				CLANG_WARN__DUPLICATE_METHOD_MATCH = YES;
				COPY_PHASE_STRIP = NO;
				DEBUG_INFORMATION_FORMAT = "dwarf-with-dsym";
				ENABLE_NS_ASSERTIONS = NO;
				ENABLE_STRICT_OBJC_MSGSEND = YES;
				ENABLE_USER_SCRIPT_SANDBOXING = YES;
				GCC_C_LANGUAGE_STANDARD = gnu17;
				GCC_NO_COMMON_BLOCKS = YES;
				GCC_WARN_64_TO_32_BIT_CONVERSION = YES;
				GCC_WARN_ABOUT_RETURN_TYPE = YES_ERROR;
				GCC_WARN_UNDECLARED_SELECTOR = YES;
				GCC_WARN_UNINITIALIZED_AUTOS = YES_AGGRESSIVE;
				GCC_WARN_UNUSED_FUNCTION = YES;
				GCC_WARN_UNUSED_VARIABLE = YES;
				IPHONEOS_DEPLOYMENT_TARGET = 18.2;
				LOCALIZATION_PREFERS_STRING_CATALOGS = YES;
				MTL_ENABLE_DEBUG_INFO = NO;
				MTL_FAST_MATH = YES;
				SDKROOT = iphoneos;
				SWIFT_COMPILATION_MODE = wholemodule;
				VALIDATE_PRODUCT = YES;
			};
			name = Release;
		};
/* End XCBuildConfiguration section */

/* Begin XCConfigurationList section */
		F1EEC8A82D394DC200D70F00 /* Build configuration list for PBXProject "ListApp" */ = {
			isa = XCConfigurationList;
			buildConfigurations = (
				F1EEC8C62D394DC300D70F00 /* Debug */,
				F1EEC8C72D394DC300D70F00 /* Release */,
			);
			defaultConfigurationIsVisible = 0;
			defaultConfigurationName = Release;
		};
		F1EEC8C32D394DC300D70F00 /* Build configuration list for PBXNativeTarget "ListApp" */ = {
			isa = XCConfigurationList;
			buildConfigurations = (
				F1EEC8C42D394DC300D70F00 /* Debug */,
				F1EEC8C52D394DC300D70F00 /* Release */,
			);
			defaultConfigurationIsVisible = 0;
			defaultConfigurationName = Release;
		};
/* End XCConfigurationList section */

/* Begin XCVersionGroup section */
		F1EEC8CD2D394E3B00D70F00 /* ListApp.xcdatamodeld */ = {
			isa = XCVersionGroup;
			children = (
				F1EEC8D32D394E3B00D70F00 /* ListApp.xcdatamodel */,
			);
			currentVersion = F1EEC8D32D394E3B00D70F00 /* ListApp.xcdatamodel */;
			path = ListApp.xcdatamodeld;
			sourceTree = "<group>";
			versionGroupType = wrapper.xcdatamodel;
		};
/* End XCVersionGroup section */
	};
	rootObject = F1EEC8A52D394DC200D70F00 /* Project object */;
}
